{
  "nodes": {
    "nixpkgs": {
      "locked": {
        "lastModified": 1633422745,
        "narHash": "sha256-gA6Ok64nPbkjHk3Oanq4641EeYkjcKhisDF9wBjLxEk=",
        "path": "/nix/store/2pmh2zsax3y73dbq7p1cvf5xn152zj8p-source",
        "rev": "8e1eab9eae4278c9bb1dcae426848a581943db5a",
        "type": "path"
      },
      "original": {
        "id": "nixpkgs",
        "type": "indirect"
      }
    },
    "root": {
      "inputs": {
        "nixpkgs": "nixpkgs"
      }
    }
  },
  "root": "root",
  "version": 7
}
